// !$*UTF8*$!
{
	archiveVersion = 1;
	classes = {
	};
	objectVersion = 48;
	objects = {

/* Begin PBXBuildFile section */
		4A2D8C811F48B3A900EE1FCC /* ParseEncoder.swift in Sources */ = {isa = PBXBuildFile; fileRef = 4A2D8C801F48B3A900EE1FCC /* ParseEncoder.swift */; };
		4A2F14941F4A5E1E00A7A7EF /* ObjectType+Equatable.swift in Sources */ = {isa = PBXBuildFile; fileRef = 4A2F14931F4A5E1E00A7A7EF /* ObjectType+Equatable.swift */; };
		4A2F14961F4A5F2900A7A7EF /* Responses.swift in Sources */ = {isa = PBXBuildFile; fileRef = 4A2F14951F4A5F2900A7A7EF /* Responses.swift */; };
		4A2F14981F4A5F6900A7A7EF /* ObjectType+Batch.swift in Sources */ = {isa = PBXBuildFile; fileRef = 4A2F14971F4A5F6900A7A7EF /* ObjectType+Batch.swift */; };
		4A2F14991F4A5FB500A7A7EF /* Responses.swift in Sources */ = {isa = PBXBuildFile; fileRef = 4A2F14951F4A5F2900A7A7EF /* Responses.swift */; };
		4A2F149A1F4A5FBA00A7A7EF /* ObjectType+Equatable.swift in Sources */ = {isa = PBXBuildFile; fileRef = 4A2F14931F4A5E1E00A7A7EF /* ObjectType+Equatable.swift */; };
		4A2F149B1F4A5FBA00A7A7EF /* ObjectType+Batch.swift in Sources */ = {isa = PBXBuildFile; fileRef = 4A2F14971F4A5F6900A7A7EF /* ObjectType+Batch.swift */; };
		4A65114F1F48E3F3005237DF /* ParseEncoder.swift in Sources */ = {isa = PBXBuildFile; fileRef = 4A2D8C801F48B3A900EE1FCC /* ParseEncoder.swift */; };
		4A6511501F48E400005237DF /* BatchUtils.swift in Sources */ = {isa = PBXBuildFile; fileRef = 4AC397711F488F9E00DEA9D3 /* BatchUtils.swift */; };
		4A6511511F48E406005237DF /* ACL.swift in Sources */ = {isa = PBXBuildFile; fileRef = 4AC3976F1F48778900DEA9D3 /* ACL.swift */; };
		4A6511521F48E406005237DF /* GeoPoint.swift in Sources */ = {isa = PBXBuildFile; fileRef = 4A82B7ED1F254B820063D731 /* GeoPoint.swift */; };
		4A6511531F48E410005237DF /* API.swift in Sources */ = {isa = PBXBuildFile; fileRef = 4AC397731F488FF900DEA9D3 /* API.swift */; };
		4A82B7F41F254CCE0063D731 /* File.swift in Sources */ = {isa = PBXBuildFile; fileRef = 4A82B7F01F254B820063D731 /* File.swift */; };
		4A82B7F51F254CCE0063D731 /* GeoPoint.swift in Sources */ = {isa = PBXBuildFile; fileRef = 4A82B7ED1F254B820063D731 /* GeoPoint.swift */; };
		4A82B7F61F254CCE0063D731 /* Parse.swift in Sources */ = {isa = PBXBuildFile; fileRef = 4A82B7EE1F254B820063D731 /* Parse.swift */; };
		4A82B7F71F254CCE0063D731 /* ObjectType.swift in Sources */ = {isa = PBXBuildFile; fileRef = 4A82B7EC1F254B820063D731 /* ObjectType.swift */; };
		4A82B7F81F254CCE0063D731 /* Pointer.swift in Sources */ = {isa = PBXBuildFile; fileRef = 4A82B7F11F254B820063D731 /* Pointer.swift */; };
		4A82B7FF1F256A8F0063D731 /* Query.swift in Sources */ = {isa = PBXBuildFile; fileRef = 4A82B7FE1F256A8F0063D731 /* Query.swift */; };
		4A82B8011F256B330063D731 /* ObjectType+Query.swift in Sources */ = {isa = PBXBuildFile; fileRef = 4A82B8001F256B330063D731 /* ObjectType+Query.swift */; };
		4A99A4691F2650CA00D72A59 /* ParseMutationContainer.swift in Sources */ = {isa = PBXBuildFile; fileRef = 4A99A4681F2650CA00D72A59 /* ParseMutationContainer.swift */; };
		4A99A46C1F2650FF00D72A59 /* AddUniqueOperation.swift in Sources */ = {isa = PBXBuildFile; fileRef = 4A99A46B1F2650FF00D72A59 /* AddUniqueOperation.swift */; };
		4A99A46E1F26512100D72A59 /* IncrementOperation.swift in Sources */ = {isa = PBXBuildFile; fileRef = 4A99A46D1F26512100D72A59 /* IncrementOperation.swift */; };
		4AA8074B1F7930E9008CD551 /* SecureStorage.swift in Sources */ = {isa = PBXBuildFile; fileRef = 4AA8074A1F7930E9008CD551 /* SecureStorage.swift */; };
		4AA8074C1F7930E9008CD551 /* SecureStorage.swift in Sources */ = {isa = PBXBuildFile; fileRef = 4AA8074A1F7930E9008CD551 /* SecureStorage.swift */; };
		4AA8074E1F7931B7008CD551 /* KeychainStore.swift in Sources */ = {isa = PBXBuildFile; fileRef = 4AA8074D1F7931B7008CD551 /* KeychainStore.swift */; };
		4AA8074F1F7931B7008CD551 /* KeychainStore.swift in Sources */ = {isa = PBXBuildFile; fileRef = 4AA8074D1F7931B7008CD551 /* KeychainStore.swift */; };
		4AA8075B1F794242008CD551 /* AppDelegate.swift in Sources */ = {isa = PBXBuildFile; fileRef = 4AA8075A1F794242008CD551 /* AppDelegate.swift */; };
		4AA807601F794242008CD551 /* Main.storyboard in Resources */ = {isa = PBXBuildFile; fileRef = 4AA8075E1F794242008CD551 /* Main.storyboard */; };
		4AA807621F794242008CD551 /* Assets.xcassets in Resources */ = {isa = PBXBuildFile; fileRef = 4AA807611F794242008CD551 /* Assets.xcassets */; };
		4AA807651F794242008CD551 /* LaunchScreen.storyboard in Resources */ = {isa = PBXBuildFile; fileRef = 4AA807631F794242008CD551 /* LaunchScreen.storyboard */; };
		4AA807701F794C31008CD551 /* KeychainStoreTests.swift in Sources */ = {isa = PBXBuildFile; fileRef = 4AA8076E1F794C1C008CD551 /* KeychainStoreTests.swift */; };
		4AA807711F794C33008CD551 /* ParseSwiftTests.swift in Sources */ = {isa = PBXBuildFile; fileRef = 4AA8076F1F794C1C008CD551 /* ParseSwiftTests.swift */; };
		4AB8B4FE1F254AE10070F682 /* ParseSwift.framework in Frameworks */ = {isa = PBXBuildFile; fileRef = 4AB8B4F41F254AE10070F682 /* ParseSwift.framework */; };
		4AB8B5051F254AE10070F682 /* Parse.h in Headers */ = {isa = PBXBuildFile; fileRef = 4AB8B4F71F254AE10070F682 /* Parse.h */; settings = {ATTRIBUTES = (Public, ); }; };
		4AC397701F48778900DEA9D3 /* ACL.swift in Sources */ = {isa = PBXBuildFile; fileRef = 4AC3976F1F48778900DEA9D3 /* ACL.swift */; };
		4AC397721F488F9E00DEA9D3 /* BatchUtils.swift in Sources */ = {isa = PBXBuildFile; fileRef = 4AC397711F488F9E00DEA9D3 /* BatchUtils.swift */; };
		4AC397741F488FF900DEA9D3 /* API.swift in Sources */ = {isa = PBXBuildFile; fileRef = 4AC397731F488FF900DEA9D3 /* API.swift */; };
		4AEBA5491F26519B00628B17 /* AddOperation.swift in Sources */ = {isa = PBXBuildFile; fileRef = 4AEBA5481F26519B00628B17 /* AddOperation.swift */; };
		4AEBA54B1F2651D900628B17 /* RemoveOperation.swift in Sources */ = {isa = PBXBuildFile; fileRef = 4AEBA54A1F2651D900628B17 /* RemoveOperation.swift */; };
		4AEBA54D1F26523800628B17 /* DeleteOperation.swift in Sources */ = {isa = PBXBuildFile; fileRef = 4AEBA54C1F26523800628B17 /* DeleteOperation.swift */; };
		4AEBA54F1F265A0D00628B17 /* UserType.swift in Sources */ = {isa = PBXBuildFile; fileRef = 4AEBA54E1F265A0D00628B17 /* UserType.swift */; };
		4AF85BD31F78011100665264 /* ParseError.swift in Sources */ = {isa = PBXBuildFile; fileRef = 4AF85BD21F78011100665264 /* ParseError.swift */; };
		4AF85BD61F7803C100665264 /* ParseError.swift in Sources */ = {isa = PBXBuildFile; fileRef = 4AF85BD21F78011100665264 /* ParseError.swift */; };
		4AF85BD81F78144900665264 /* URLSession+sync.swift in Sources */ = {isa = PBXBuildFile; fileRef = 4AF85BD71F78144900665264 /* URLSession+sync.swift */; };
		4AF85BD91F78145C00665264 /* URLSession+sync.swift in Sources */ = {isa = PBXBuildFile; fileRef = 4AF85BD71F78144900665264 /* URLSession+sync.swift */; };
		4AF85BDA1F781ED000665264 /* Asynchronous.swift in Sources */ = {isa = PBXBuildFile; fileRef = 4A2F14901F4A41B900A7A7EF /* Asynchronous.swift */; };
		4AF85BDB1F781ED100665264 /* Asynchronous.swift in Sources */ = {isa = PBXBuildFile; fileRef = 4A2F14901F4A41B900A7A7EF /* Asynchronous.swift */; };
		4AF85BDD1F783B9800665264 /* API+Commands.swift in Sources */ = {isa = PBXBuildFile; fileRef = 4AF85BDC1F783B9800665264 /* API+Commands.swift */; };
		4AF85BDE1F783BB400665264 /* API+Commands.swift in Sources */ = {isa = PBXBuildFile; fileRef = 4AF85BDC1F783B9800665264 /* API+Commands.swift */; };
		4AFDA72A1F26DAE1002AE4FC /* Parse.swift in Sources */ = {isa = PBXBuildFile; fileRef = 4A82B7EE1F254B820063D731 /* Parse.swift */; };
		4AFDA72B1F26DAE1002AE4FC /* ObjectType.swift in Sources */ = {isa = PBXBuildFile; fileRef = 4A82B7EC1F254B820063D731 /* ObjectType.swift */; };
		4AFDA72C1F26DAE1002AE4FC /* UserType.swift in Sources */ = {isa = PBXBuildFile; fileRef = 4AEBA54E1F265A0D00628B17 /* UserType.swift */; };
		4AFDA72D1F26DAE1002AE4FC /* ParseMutationContainer.swift in Sources */ = {isa = PBXBuildFile; fileRef = 4A99A4681F2650CA00D72A59 /* ParseMutationContainer.swift */; };
		4AFDA72E1F26DAE1002AE4FC /* AddOperation.swift in Sources */ = {isa = PBXBuildFile; fileRef = 4AEBA5481F26519B00628B17 /* AddOperation.swift */; };
		4AFDA72F1F26DAE1002AE4FC /* RemoveOperation.swift in Sources */ = {isa = PBXBuildFile; fileRef = 4AEBA54A1F2651D900628B17 /* RemoveOperation.swift */; };
		4AFDA7301F26DAE1002AE4FC /* DeleteOperation.swift in Sources */ = {isa = PBXBuildFile; fileRef = 4AEBA54C1F26523800628B17 /* DeleteOperation.swift */; };
		4AFDA7311F26DAE1002AE4FC /* AddUniqueOperation.swift in Sources */ = {isa = PBXBuildFile; fileRef = 4A99A46B1F2650FF00D72A59 /* AddUniqueOperation.swift */; };
		4AFDA7321F26DAE1002AE4FC /* IncrementOperation.swift in Sources */ = {isa = PBXBuildFile; fileRef = 4A99A46D1F26512100D72A59 /* IncrementOperation.swift */; };
		4AFDA7331F26DAE1002AE4FC /* File.swift in Sources */ = {isa = PBXBuildFile; fileRef = 4A82B7F01F254B820063D731 /* File.swift */; };
		4AFDA7341F26DAE1002AE4FC /* Pointer.swift in Sources */ = {isa = PBXBuildFile; fileRef = 4A82B7F11F254B820063D731 /* Pointer.swift */; };
		4AFDA7351F26DAE1002AE4FC /* Query.swift in Sources */ = {isa = PBXBuildFile; fileRef = 4A82B7FE1F256A8F0063D731 /* Query.swift */; };
		4AFDA7361F26DAE1002AE4FC /* ObjectType+Query.swift in Sources */ = {isa = PBXBuildFile; fileRef = 4A82B8001F256B330063D731 /* ObjectType+Query.swift */; };
		4AFDA7391F26DAF8002AE4FC /* Parse.h in Headers */ = {isa = PBXBuildFile; fileRef = 4AB8B4F71F254AE10070F682 /* Parse.h */; settings = {ATTRIBUTES = (Public, ); }; };
		709075C724B9117500B95310 /* AnyCodable.swift in Sources */ = {isa = PBXBuildFile; fileRef = 709075C424B9117400B95310 /* AnyCodable.swift */; };
		709075C824B9117500B95310 /* AnyCodable.swift in Sources */ = {isa = PBXBuildFile; fileRef = 709075C424B9117400B95310 /* AnyCodable.swift */; };
		709075C924B9117500B95310 /* AnyDecodable.swift in Sources */ = {isa = PBXBuildFile; fileRef = 709075C524B9117500B95310 /* AnyDecodable.swift */; };
		709075CA24B9117500B95310 /* AnyDecodable.swift in Sources */ = {isa = PBXBuildFile; fileRef = 709075C524B9117500B95310 /* AnyDecodable.swift */; };
		709075CB24B9117500B95310 /* AnyEncodable.swift in Sources */ = {isa = PBXBuildFile; fileRef = 709075C624B9117500B95310 /* AnyEncodable.swift */; };
		709075CC24B9117500B95310 /* AnyEncodable.swift in Sources */ = {isa = PBXBuildFile; fileRef = 709075C624B9117500B95310 /* AnyEncodable.swift */; };
		70E5504324CA4E6000F6D8D2 /* URLSession+async.swift in Sources */ = {isa = PBXBuildFile; fileRef = 70E5504224CA4E5F00F6D8D2 /* URLSession+async.swift */; };
		70E5504424CA4E6000F6D8D2 /* URLSession+async.swift in Sources */ = {isa = PBXBuildFile; fileRef = 70E5504224CA4E5F00F6D8D2 /* URLSession+async.swift */; };
		7FFF552E2217E72A007C3B4E /* AnyEncodableTests.swift in Sources */ = {isa = PBXBuildFile; fileRef = 7FFF552B2217E729007C3B4E /* AnyEncodableTests.swift */; };
		7FFF552F2217E72A007C3B4E /* AnyCodableTests.swift in Sources */ = {isa = PBXBuildFile; fileRef = 7FFF552C2217E729007C3B4E /* AnyCodableTests.swift */; };
		7FFF55302217E72A007C3B4E /* AnyDecodableTests.swift in Sources */ = {isa = PBXBuildFile; fileRef = 7FFF552D2217E729007C3B4E /* AnyDecodableTests.swift */; };
/* End PBXBuildFile section */

/* Begin PBXContainerItemProxy section */
		4AA8076A1F79424A008CD551 /* PBXContainerItemProxy */ = {
			isa = PBXContainerItemProxy;
			containerPortal = 4AB8B4EB1F254AE10070F682 /* Project object */;
			proxyType = 1;
			remoteGlobalIDString = 4AA807571F794242008CD551;
			remoteInfo = TestHost;
		};
		4AB8B4FF1F254AE10070F682 /* PBXContainerItemProxy */ = {
			isa = PBXContainerItemProxy;
			containerPortal = 4AB8B4EB1F254AE10070F682 /* Project object */;
			proxyType = 1;
			remoteGlobalIDString = 4AB8B4F31F254AE10070F682;
			remoteInfo = Parse;
		};
/* End PBXContainerItemProxy section */

/* Begin PBXFileReference section */
		4A1120BF1F49FC3300E32D94 /* LinuxMain.swift */ = {isa = PBXFileReference; lastKnownFileType = sourcecode.swift; path = LinuxMain.swift; sourceTree = "<group>"; };
		4A2D8C801F48B3A900EE1FCC /* ParseEncoder.swift */ = {isa = PBXFileReference; lastKnownFileType = sourcecode.swift; path = ParseEncoder.swift; sourceTree = "<group>"; };
		4A2F14901F4A41B900A7A7EF /* Asynchronous.swift */ = {isa = PBXFileReference; lastKnownFileType = sourcecode.swift; path = Asynchronous.swift; sourceTree = "<group>"; };
		4A2F14931F4A5E1E00A7A7EF /* ObjectType+Equatable.swift */ = {isa = PBXFileReference; lastKnownFileType = sourcecode.swift; path = "ObjectType+Equatable.swift"; sourceTree = "<group>"; };
		4A2F14951F4A5F2900A7A7EF /* Responses.swift */ = {isa = PBXFileReference; lastKnownFileType = sourcecode.swift; path = Responses.swift; sourceTree = "<group>"; };
		4A2F14971F4A5F6900A7A7EF /* ObjectType+Batch.swift */ = {isa = PBXFileReference; lastKnownFileType = sourcecode.swift; path = "ObjectType+Batch.swift"; sourceTree = "<group>"; };
		4A82B7EC1F254B820063D731 /* ObjectType.swift */ = {isa = PBXFileReference; lastKnownFileType = sourcecode.swift; path = ObjectType.swift; sourceTree = "<group>"; };
		4A82B7ED1F254B820063D731 /* GeoPoint.swift */ = {isa = PBXFileReference; lastKnownFileType = sourcecode.swift; path = GeoPoint.swift; sourceTree = "<group>"; };
		4A82B7EE1F254B820063D731 /* Parse.swift */ = {isa = PBXFileReference; lastKnownFileType = sourcecode.swift; path = Parse.swift; sourceTree = "<group>"; };
		4A82B7F01F254B820063D731 /* File.swift */ = {isa = PBXFileReference; lastKnownFileType = sourcecode.swift; path = File.swift; sourceTree = "<group>"; };
		4A82B7F11F254B820063D731 /* Pointer.swift */ = {isa = PBXFileReference; lastKnownFileType = sourcecode.swift; path = Pointer.swift; sourceTree = "<group>"; };
		4A82B7FE1F256A8F0063D731 /* Query.swift */ = {isa = PBXFileReference; lastKnownFileType = sourcecode.swift; path = Query.swift; sourceTree = "<group>"; };
		4A82B8001F256B330063D731 /* ObjectType+Query.swift */ = {isa = PBXFileReference; lastKnownFileType = sourcecode.swift; path = "ObjectType+Query.swift"; sourceTree = "<group>"; };
		4A99A4681F2650CA00D72A59 /* ParseMutationContainer.swift */ = {isa = PBXFileReference; lastKnownFileType = sourcecode.swift; path = ParseMutationContainer.swift; sourceTree = "<group>"; };
		4A99A46B1F2650FF00D72A59 /* AddUniqueOperation.swift */ = {isa = PBXFileReference; lastKnownFileType = sourcecode.swift; path = AddUniqueOperation.swift; sourceTree = "<group>"; };
		4A99A46D1F26512100D72A59 /* IncrementOperation.swift */ = {isa = PBXFileReference; lastKnownFileType = sourcecode.swift; path = IncrementOperation.swift; sourceTree = "<group>"; };
		4AA8074A1F7930E9008CD551 /* SecureStorage.swift */ = {isa = PBXFileReference; lastKnownFileType = sourcecode.swift; path = SecureStorage.swift; sourceTree = "<group>"; };
		4AA8074D1F7931B7008CD551 /* KeychainStore.swift */ = {isa = PBXFileReference; lastKnownFileType = sourcecode.swift; path = KeychainStore.swift; sourceTree = "<group>"; };
		4AA807581F794242008CD551 /* TestHost.app */ = {isa = PBXFileReference; explicitFileType = wrapper.application; includeInIndex = 0; path = TestHost.app; sourceTree = BUILT_PRODUCTS_DIR; };
		4AA8075A1F794242008CD551 /* AppDelegate.swift */ = {isa = PBXFileReference; lastKnownFileType = sourcecode.swift; path = AppDelegate.swift; sourceTree = "<group>"; };
		4AA8075F1F794242008CD551 /* Base */ = {isa = PBXFileReference; lastKnownFileType = file.storyboard; name = Base; path = Base.lproj/Main.storyboard; sourceTree = "<group>"; };
		4AA807611F794242008CD551 /* Assets.xcassets */ = {isa = PBXFileReference; lastKnownFileType = folder.assetcatalog; path = Assets.xcassets; sourceTree = "<group>"; };
		4AA807641F794242008CD551 /* Base */ = {isa = PBXFileReference; lastKnownFileType = file.storyboard; name = Base; path = Base.lproj/LaunchScreen.storyboard; sourceTree = "<group>"; };
		4AA807661F794242008CD551 /* Info.plist */ = {isa = PBXFileReference; lastKnownFileType = text.plist.xml; path = Info.plist; sourceTree = "<group>"; };
		4AA8076D1F794C1C008CD551 /* Info.plist */ = {isa = PBXFileReference; lastKnownFileType = text.plist.xml; path = Info.plist; sourceTree = "<group>"; };
		4AA8076E1F794C1C008CD551 /* KeychainStoreTests.swift */ = {isa = PBXFileReference; lastKnownFileType = sourcecode.swift; path = KeychainStoreTests.swift; sourceTree = "<group>"; };
		4AA8076F1F794C1C008CD551 /* ParseSwiftTests.swift */ = {isa = PBXFileReference; lastKnownFileType = sourcecode.swift; path = ParseSwiftTests.swift; sourceTree = "<group>"; };
		4AB8B4F41F254AE10070F682 /* ParseSwift.framework */ = {isa = PBXFileReference; explicitFileType = wrapper.framework; includeInIndex = 0; path = ParseSwift.framework; sourceTree = BUILT_PRODUCTS_DIR; };
		4AB8B4F71F254AE10070F682 /* Parse.h */ = {isa = PBXFileReference; lastKnownFileType = sourcecode.c.h; path = Parse.h; sourceTree = "<group>"; };
		4AB8B4F81F254AE10070F682 /* Info.plist */ = {isa = PBXFileReference; lastKnownFileType = text.plist.xml; path = Info.plist; sourceTree = "<group>"; };
		4AB8B4FD1F254AE10070F682 /* ParseSwiftTests.xctest */ = {isa = PBXFileReference; explicitFileType = wrapper.cfbundle; includeInIndex = 0; path = ParseSwiftTests.xctest; sourceTree = BUILT_PRODUCTS_DIR; };
		4AC3976F1F48778900DEA9D3 /* ACL.swift */ = {isa = PBXFileReference; lastKnownFileType = sourcecode.swift; path = ACL.swift; sourceTree = "<group>"; };
		4AC397711F488F9E00DEA9D3 /* BatchUtils.swift */ = {isa = PBXFileReference; lastKnownFileType = sourcecode.swift; path = BatchUtils.swift; sourceTree = "<group>"; };
		4AC397731F488FF900DEA9D3 /* API.swift */ = {isa = PBXFileReference; lastKnownFileType = sourcecode.swift; path = API.swift; sourceTree = "<group>"; };
		4ACFC2E21F3CA21F0046F3A3 /* ParseSwift.playground */ = {isa = PBXFileReference; lastKnownFileType = file.playground; path = ParseSwift.playground; sourceTree = "<group>"; };
		4AEBA5481F26519B00628B17 /* AddOperation.swift */ = {isa = PBXFileReference; lastKnownFileType = sourcecode.swift; path = AddOperation.swift; sourceTree = "<group>"; };
		4AEBA54A1F2651D900628B17 /* RemoveOperation.swift */ = {isa = PBXFileReference; lastKnownFileType = sourcecode.swift; path = RemoveOperation.swift; sourceTree = "<group>"; };
		4AEBA54C1F26523800628B17 /* DeleteOperation.swift */ = {isa = PBXFileReference; lastKnownFileType = sourcecode.swift; path = DeleteOperation.swift; sourceTree = "<group>"; };
		4AEBA54E1F265A0D00628B17 /* UserType.swift */ = {isa = PBXFileReference; lastKnownFileType = sourcecode.swift; path = UserType.swift; sourceTree = "<group>"; };
		4AF85BD21F78011100665264 /* ParseError.swift */ = {isa = PBXFileReference; lastKnownFileType = sourcecode.swift; path = ParseError.swift; sourceTree = "<group>"; };
		4AF85BD71F78144900665264 /* URLSession+sync.swift */ = {isa = PBXFileReference; lastKnownFileType = sourcecode.swift; path = "URLSession+sync.swift"; sourceTree = "<group>"; };
		4AF85BDC1F783B9800665264 /* API+Commands.swift */ = {isa = PBXFileReference; lastKnownFileType = sourcecode.swift; path = "API+Commands.swift"; sourceTree = "<group>"; };
		4AFDA7121F26D9A5002AE4FC /* ParseSwift.framework */ = {isa = PBXFileReference; explicitFileType = wrapper.framework; includeInIndex = 0; path = ParseSwift.framework; sourceTree = BUILT_PRODUCTS_DIR; };
		4AFDA7151F26D9A5002AE4FC /* Info.plist */ = {isa = PBXFileReference; lastKnownFileType = text.plist.xml; path = Info.plist; sourceTree = "<group>"; };
		709075C424B9117400B95310 /* AnyCodable.swift */ = {isa = PBXFileReference; fileEncoding = 4; lastKnownFileType = sourcecode.swift; path = AnyCodable.swift; sourceTree = "<group>"; };
		709075C524B9117500B95310 /* AnyDecodable.swift */ = {isa = PBXFileReference; fileEncoding = 4; lastKnownFileType = sourcecode.swift; path = AnyDecodable.swift; sourceTree = "<group>"; };
		709075C624B9117500B95310 /* AnyEncodable.swift */ = {isa = PBXFileReference; fileEncoding = 4; lastKnownFileType = sourcecode.swift; path = AnyEncodable.swift; sourceTree = "<group>"; };
		70E5504224CA4E5F00F6D8D2 /* URLSession+async.swift */ = {isa = PBXFileReference; fileEncoding = 4; lastKnownFileType = sourcecode.swift; path = "URLSession+async.swift"; sourceTree = "<group>"; };
		7FFF552B2217E729007C3B4E /* AnyEncodableTests.swift */ = {isa = PBXFileReference; fileEncoding = 4; lastKnownFileType = sourcecode.swift; path = AnyEncodableTests.swift; sourceTree = "<group>"; };
		7FFF552C2217E729007C3B4E /* AnyCodableTests.swift */ = {isa = PBXFileReference; fileEncoding = 4; lastKnownFileType = sourcecode.swift; path = AnyCodableTests.swift; sourceTree = "<group>"; };
		7FFF552D2217E729007C3B4E /* AnyDecodableTests.swift */ = {isa = PBXFileReference; fileEncoding = 4; lastKnownFileType = sourcecode.swift; path = AnyDecodableTests.swift; sourceTree = "<group>"; };
/* End PBXFileReference section */

/* Begin PBXFrameworksBuildPhase section */
		4AA807551F794242008CD551 /* Frameworks */ = {
			isa = PBXFrameworksBuildPhase;
			buildActionMask = 2147483647;
			files = (
			);
			runOnlyForDeploymentPostprocessing = 0;
		};
		4AB8B4F01F254AE10070F682 /* Frameworks */ = {
			isa = PBXFrameworksBuildPhase;
			buildActionMask = 2147483647;
			files = (
			);
			runOnlyForDeploymentPostprocessing = 0;
		};
		4AB8B4FA1F254AE10070F682 /* Frameworks */ = {
			isa = PBXFrameworksBuildPhase;
			buildActionMask = 2147483647;
			files = (
				4AB8B4FE1F254AE10070F682 /* ParseSwift.framework in Frameworks */,
			);
			runOnlyForDeploymentPostprocessing = 0;
		};
		4AFDA70E1F26D9A5002AE4FC /* Frameworks */ = {
			isa = PBXFrameworksBuildPhase;
			buildActionMask = 2147483647;
			files = (
			);
			runOnlyForDeploymentPostprocessing = 0;
		};
/* End PBXFrameworksBuildPhase section */

/* Begin PBXGroup section */
		4A2F149C1F4A604900A7A7EF /* Encoder */ = {
			isa = PBXGroup;
			children = (
				4A2D8C801F48B3A900EE1FCC /* ParseEncoder.swift */,
			);
			path = Encoder;
			sourceTree = "<group>";
		};
		4A5EE45F1F49E9E000D3CAE3 /* Sources */ = {
			isa = PBXGroup;
			children = (
				4AB8B4F61F254AE10070F682 /* ParseSwift */,
			);
			path = Sources;
			sourceTree = "<group>";
		};
		4A5EE4601F49EA0600D3CAE3 /* Tests */ = {
			isa = PBXGroup;
			children = (
				4AA8076C1F794C1C008CD551 /* ParseSwiftTests */,
				4A1120BF1F49FC3300E32D94 /* LinuxMain.swift */,
			);
			path = Tests;
			sourceTree = "<group>";
		};
		4A65114E1F48E3CE005237DF /* ParseSwift-iOS */ = {
			isa = PBXGroup;
			children = (
				4AB8B4F81F254AE10070F682 /* Info.plist */,
			);
			path = "ParseSwift-iOS";
			sourceTree = "<group>";
		};
		4A82B7FD1F25691B0063D731 /* Types */ = {
			isa = PBXGroup;
			children = (
				4AC3976F1F48778900DEA9D3 /* ACL.swift */,
				4AF85BD21F78011100665264 /* ParseError.swift */,
				4A82B7F01F254B820063D731 /* File.swift */,
				4A82B7ED1F254B820063D731 /* GeoPoint.swift */,
				4A82B7F11F254B820063D731 /* Pointer.swift */,
				4A82B7FE1F256A8F0063D731 /* Query.swift */,
			);
			path = Types;
			sourceTree = "<group>";
		};
		4A99A46A1F2650E200D72A59 /* Mutations */ = {
			isa = PBXGroup;
			children = (
				4A99A4681F2650CA00D72A59 /* ParseMutationContainer.swift */,
				4AEBA5481F26519B00628B17 /* AddOperation.swift */,
				4AEBA54A1F2651D900628B17 /* RemoveOperation.swift */,
				4AEBA54C1F26523800628B17 /* DeleteOperation.swift */,
				4A99A46B1F2650FF00D72A59 /* AddUniqueOperation.swift */,
				4A99A46D1F26512100D72A59 /* IncrementOperation.swift */,
			);
			name = Mutations;
			path = MutationOperations;
			sourceTree = "<group>";
		};
		4AA807491F7930D0008CD551 /* Storage */ = {
			isa = PBXGroup;
			children = (
				4AA8074A1F7930E9008CD551 /* SecureStorage.swift */,
				4AA8074D1F7931B7008CD551 /* KeychainStore.swift */,
			);
			path = Storage;
			sourceTree = "<group>";
		};
		4AA807591F794242008CD551 /* TestHost */ = {
			isa = PBXGroup;
			children = (
				4AA8075A1F794242008CD551 /* AppDelegate.swift */,
				4AA8075E1F794242008CD551 /* Main.storyboard */,
				4AA807611F794242008CD551 /* Assets.xcassets */,
				4AA807631F794242008CD551 /* LaunchScreen.storyboard */,
				4AA807661F794242008CD551 /* Info.plist */,
			);
			path = TestHost;
			sourceTree = "<group>";
		};
		4AA8076C1F794C1C008CD551 /* ParseSwiftTests */ = {
			isa = PBXGroup;
			children = (
				7FFF552A2217E729007C3B4E /* AnyCodableTests */,
				4AA8076D1F794C1C008CD551 /* Info.plist */,
				4AA8076E1F794C1C008CD551 /* KeychainStoreTests.swift */,
				4AA8076F1F794C1C008CD551 /* ParseSwiftTests.swift */,
			);
			path = ParseSwiftTests;
			sourceTree = "<group>";
		};
		4AB8B4EA1F254AE10070F682 = {
			isa = PBXGroup;
			children = (
				4A5EE45F1F49E9E000D3CAE3 /* Sources */,
				4A5EE4601F49EA0600D3CAE3 /* Tests */,
				4A65114E1F48E3CE005237DF /* ParseSwift-iOS */,
				4AFDA7131F26D9A5002AE4FC /* ParseSwift-macOS */,
				4AA807591F794242008CD551 /* TestHost */,
				4AB8B4F51F254AE10070F682 /* Products */,
				4ACFC2E21F3CA21F0046F3A3 /* ParseSwift.playground */,
			);
			sourceTree = "<group>";
		};
		4AB8B4F51F254AE10070F682 /* Products */ = {
			isa = PBXGroup;
			children = (
				4AB8B4F41F254AE10070F682 /* ParseSwift.framework */,
				4AB8B4FD1F254AE10070F682 /* ParseSwiftTests.xctest */,
				4AFDA7121F26D9A5002AE4FC /* ParseSwift.framework */,
				4AA807581F794242008CD551 /* TestHost.app */,
			);
			name = Products;
			sourceTree = "<group>";
		};
		4AB8B4F61F254AE10070F682 /* ParseSwift */ = {
			isa = PBXGroup;
			children = (
				4A82B7EE1F254B820063D731 /* Parse.swift */,
				4A2F14901F4A41B900A7A7EF /* Asynchronous.swift */,
				4AC397761F4895A200DEA9D3 /* Objects Protocols */,
				4A82B7FD1F25691B0063D731 /* Types */,
				709075CD24B9829600B95310 /* AnyCodable */,
				4A2F149C1F4A604900A7A7EF /* Encoder */,
				4A99A46A1F2650E200D72A59 /* Mutations */,
				4AC397771F4895C000DEA9D3 /* API */,
				4AA807491F7930D0008CD551 /* Storage */,
				4AB8B4F71F254AE10070F682 /* Parse.h */,
			);
			path = ParseSwift;
			sourceTree = "<group>";
		};
		4AC397761F4895A200DEA9D3 /* Objects Protocols */ = {
			isa = PBXGroup;
			children = (
				4A82B7EC1F254B820063D731 /* ObjectType.swift */,
				4A82B8001F256B330063D731 /* ObjectType+Query.swift */,
				4A2F14931F4A5E1E00A7A7EF /* ObjectType+Equatable.swift */,
				4A2F14971F4A5F6900A7A7EF /* ObjectType+Batch.swift */,
				4AEBA54E1F265A0D00628B17 /* UserType.swift */,
			);
			path = "Objects Protocols";
			sourceTree = "<group>";
		};
		4AC397771F4895C000DEA9D3 /* API */ = {
			isa = PBXGroup;
			children = (
				4AC397731F488FF900DEA9D3 /* API.swift */,
				4AF85BDC1F783B9800665264 /* API+Commands.swift */,
				4AC397711F488F9E00DEA9D3 /* BatchUtils.swift */,
				70E5504224CA4E5F00F6D8D2 /* URLSession+async.swift */,
				4AF85BD71F78144900665264 /* URLSession+sync.swift */,
				4A2F14951F4A5F2900A7A7EF /* Responses.swift */,
			);
			path = API;
			sourceTree = "<group>";
		};
		4AFDA7131F26D9A5002AE4FC /* ParseSwift-macOS */ = {
			isa = PBXGroup;
			children = (
				4AFDA7151F26D9A5002AE4FC /* Info.plist */,
			);
			path = "ParseSwift-macOS";
			sourceTree = "<group>";
		};
		709075CD24B9829600B95310 /* AnyCodable */ = {
			isa = PBXGroup;
			children = (
				709075C424B9117400B95310 /* AnyCodable.swift */,
				709075C524B9117500B95310 /* AnyDecodable.swift */,
				709075C624B9117500B95310 /* AnyEncodable.swift */,
			);
			path = AnyCodable;
			sourceTree = "<group>";
		};
		7FFF552A2217E729007C3B4E /* AnyCodableTests */ = {
			isa = PBXGroup;
			children = (
				7FFF552B2217E729007C3B4E /* AnyEncodableTests.swift */,
				7FFF552C2217E729007C3B4E /* AnyCodableTests.swift */,
				7FFF552D2217E729007C3B4E /* AnyDecodableTests.swift */,
			);
			path = AnyCodableTests;
			sourceTree = "<group>";
		};
/* End PBXGroup section */

/* Begin PBXHeadersBuildPhase section */
		4AB8B4F11F254AE10070F682 /* Headers */ = {
			isa = PBXHeadersBuildPhase;
			buildActionMask = 2147483647;
			files = (
				4AB8B5051F254AE10070F682 /* Parse.h in Headers */,
			);
			runOnlyForDeploymentPostprocessing = 0;
		};
		4AFDA70F1F26D9A5002AE4FC /* Headers */ = {
			isa = PBXHeadersBuildPhase;
			buildActionMask = 2147483647;
			files = (
				4AFDA7391F26DAF8002AE4FC /* Parse.h in Headers */,
			);
			runOnlyForDeploymentPostprocessing = 0;
		};
/* End PBXHeadersBuildPhase section */

/* Begin PBXNativeTarget section */
		4AA807571F794242008CD551 /* TestHost */ = {
			isa = PBXNativeTarget;
			buildConfigurationList = 4AA807671F794242008CD551 /* Build configuration list for PBXNativeTarget "TestHost" */;
			buildPhases = (
				4AA807541F794242008CD551 /* Sources */,
				4AA807551F794242008CD551 /* Frameworks */,
				4AA807561F794242008CD551 /* Resources */,
			);
			buildRules = (
			);
			dependencies = (
			);
			name = TestHost;
			productName = TestHost;
			productReference = 4AA807581F794242008CD551 /* TestHost.app */;
			productType = "com.apple.product-type.application";
		};
		4AB8B4F31F254AE10070F682 /* ParseSwift (iOS) */ = {
			isa = PBXNativeTarget;
			buildConfigurationList = 4AB8B5081F254AE10070F682 /* Build configuration list for PBXNativeTarget "ParseSwift (iOS)" */;
			buildPhases = (
				4AB8B4EF1F254AE10070F682 /* Sources */,
				4AB8B4F01F254AE10070F682 /* Frameworks */,
				4AB8B4F11F254AE10070F682 /* Headers */,
				4AB8B4F21F254AE10070F682 /* Resources */,
				4A6511551F49D544005237DF /* SwiftLint */,
			);
			buildRules = (
			);
			dependencies = (
			);
			name = "ParseSwift (iOS)";
			productName = Parse;
			productReference = 4AB8B4F41F254AE10070F682 /* ParseSwift.framework */;
			productType = "com.apple.product-type.framework";
		};
		4AB8B4FC1F254AE10070F682 /* ParseSwiftTests */ = {
			isa = PBXNativeTarget;
			buildConfigurationList = 4AB8B50B1F254AE10070F682 /* Build configuration list for PBXNativeTarget "ParseSwiftTests" */;
			buildPhases = (
				4AB8B4F91F254AE10070F682 /* Sources */,
				4AB8B4FA1F254AE10070F682 /* Frameworks */,
				4AB8B4FB1F254AE10070F682 /* Resources */,
			);
			buildRules = (
			);
			dependencies = (
				4AB8B5001F254AE10070F682 /* PBXTargetDependency */,
				4AA8076B1F79424A008CD551 /* PBXTargetDependency */,
			);
			name = ParseSwiftTests;
			productName = ParseTests;
			productReference = 4AB8B4FD1F254AE10070F682 /* ParseSwiftTests.xctest */;
			productType = "com.apple.product-type.bundle.unit-test";
		};
		4AFDA7111F26D9A5002AE4FC /* ParseSwift (macOS) */ = {
			isa = PBXNativeTarget;
			buildConfigurationList = 4AFDA7231F26D9A5002AE4FC /* Build configuration list for PBXNativeTarget "ParseSwift (macOS)" */;
			buildPhases = (
				4AFDA70D1F26D9A5002AE4FC /* Sources */,
				4AFDA70E1F26D9A5002AE4FC /* Frameworks */,
				4AFDA70F1F26D9A5002AE4FC /* Headers */,
				4AFDA7101F26D9A5002AE4FC /* Resources */,
				4A6511541F49D53C005237DF /* SwiftLint */,
			);
			buildRules = (
			);
			dependencies = (
			);
			name = "ParseSwift (macOS)";
			productName = "Parse-macOS";
			productReference = 4AFDA7121F26D9A5002AE4FC /* ParseSwift.framework */;
			productType = "com.apple.product-type.framework";
		};
/* End PBXNativeTarget section */

/* Begin PBXProject section */
		4AB8B4EB1F254AE10070F682 /* Project object */ = {
			isa = PBXProject;
			attributes = {
				LastSwiftUpdateCheck = 0900;
				LastUpgradeCheck = 1010;
				ORGANIZATIONNAME = Parse;
				TargetAttributes = {
					4AA807571F794242008CD551 = {
						CreatedOnToolsVersion = 9.0;
						LastSwiftMigration = 1130;
						ProvisioningStyle = Automatic;
					};
					4AB8B4F31F254AE10070F682 = {
						CreatedOnToolsVersion = 9.0;
						LastSwiftMigration = 1130;
					};
					4AB8B4FC1F254AE10070F682 = {
						CreatedOnToolsVersion = 9.0;
						LastSwiftMigration = 1130;
						TestTargetID = 4AA807571F794242008CD551;
					};
					4AFDA7111F26D9A5002AE4FC = {
						CreatedOnToolsVersion = 9.0;
						LastSwiftMigration = 1130;
					};
				};
			};
			buildConfigurationList = 4AB8B4EE1F254AE10070F682 /* Build configuration list for PBXProject "ParseSwift" */;
			compatibilityVersion = "Xcode 8.0";
			developmentRegion = en;
			hasScannedForEncodings = 0;
			knownRegions = (
				en,
				Base,
			);
			mainGroup = 4AB8B4EA1F254AE10070F682;
			productRefGroup = 4AB8B4F51F254AE10070F682 /* Products */;
			projectDirPath = "";
			projectRoot = "";
			targets = (
				4AB8B4F31F254AE10070F682 /* ParseSwift (iOS) */,
				4AFDA7111F26D9A5002AE4FC /* ParseSwift (macOS) */,
				4AB8B4FC1F254AE10070F682 /* ParseSwiftTests */,
				4AA807571F794242008CD551 /* TestHost */,
			);
		};
/* End PBXProject section */

/* Begin PBXResourcesBuildPhase section */
		4AA807561F794242008CD551 /* Resources */ = {
			isa = PBXResourcesBuildPhase;
			buildActionMask = 2147483647;
			files = (
				4AA807651F794242008CD551 /* LaunchScreen.storyboard in Resources */,
				4AA807621F794242008CD551 /* Assets.xcassets in Resources */,
				4AA807601F794242008CD551 /* Main.storyboard in Resources */,
			);
			runOnlyForDeploymentPostprocessing = 0;
		};
		4AB8B4F21F254AE10070F682 /* Resources */ = {
			isa = PBXResourcesBuildPhase;
			buildActionMask = 2147483647;
			files = (
			);
			runOnlyForDeploymentPostprocessing = 0;
		};
		4AB8B4FB1F254AE10070F682 /* Resources */ = {
			isa = PBXResourcesBuildPhase;
			buildActionMask = 2147483647;
			files = (
			);
			runOnlyForDeploymentPostprocessing = 0;
		};
		4AFDA7101F26D9A5002AE4FC /* Resources */ = {
			isa = PBXResourcesBuildPhase;
			buildActionMask = 2147483647;
			files = (
			);
			runOnlyForDeploymentPostprocessing = 0;
		};
/* End PBXResourcesBuildPhase section */

/* Begin PBXShellScriptBuildPhase section */
		4A6511541F49D53C005237DF /* SwiftLint */ = {
			isa = PBXShellScriptBuildPhase;
			buildActionMask = 2147483647;
			files = (
			);
			inputPaths = (
			);
			name = SwiftLint;
			outputPaths = (
			);
			runOnlyForDeploymentPostprocessing = 0;
			shellPath = /bin/sh;
			shellScript = "if which swiftlint >/dev/null; then\nswiftlint\nelse\necho \"warning: SwiftLint not installed, download from https://github.com/realm/SwiftLint\"\nfi";
		};
		4A6511551F49D544005237DF /* SwiftLint */ = {
			isa = PBXShellScriptBuildPhase;
			buildActionMask = 2147483647;
			files = (
			);
			inputPaths = (
			);
			name = SwiftLint;
			outputPaths = (
			);
			runOnlyForDeploymentPostprocessing = 0;
			shellPath = /bin/sh;
			shellScript = "if which swiftlint >/dev/null; then\nswiftlint\nelse\necho \"warning: SwiftLint not installed, download from https://github.com/realm/SwiftLint\"\nfi";
		};
/* End PBXShellScriptBuildPhase section */

/* Begin PBXSourcesBuildPhase section */
		4AA807541F794242008CD551 /* Sources */ = {
			isa = PBXSourcesBuildPhase;
			buildActionMask = 2147483647;
			files = (
				4AA8075B1F794242008CD551 /* AppDelegate.swift in Sources */,
			);
			runOnlyForDeploymentPostprocessing = 0;
		};
		4AB8B4EF1F254AE10070F682 /* Sources */ = {
			isa = PBXSourcesBuildPhase;
			buildActionMask = 2147483647;
			files = (
				4A2F14961F4A5F2900A7A7EF /* Responses.swift in Sources */,
				709075C724B9117500B95310 /* AnyCodable.swift in Sources */,
				4AC397741F488FF900DEA9D3 /* API.swift in Sources */,
				4A82B7F71F254CCE0063D731 /* ObjectType.swift in Sources */,
				70E5504324CA4E6000F6D8D2 /* URLSession+async.swift in Sources */,
				4A82B7F51F254CCE0063D731 /* GeoPoint.swift in Sources */,
				4AA8074B1F7930E9008CD551 /* SecureStorage.swift in Sources */,
				4A82B7F61F254CCE0063D731 /* Parse.swift in Sources */,
				4AEBA54F1F265A0D00628B17 /* UserType.swift in Sources */,
				4A99A4691F2650CA00D72A59 /* ParseMutationContainer.swift in Sources */,
				4AC397701F48778900DEA9D3 /* ACL.swift in Sources */,
				4A2D8C811F48B3A900EE1FCC /* ParseEncoder.swift in Sources */,
				4A99A46E1F26512100D72A59 /* IncrementOperation.swift in Sources */,
				4A82B8011F256B330063D731 /* ObjectType+Query.swift in Sources */,
				4A82B7FF1F256A8F0063D731 /* Query.swift in Sources */,
				4AF85BD81F78144900665264 /* URLSession+sync.swift in Sources */,
				4A2F14981F4A5F6900A7A7EF /* ObjectType+Batch.swift in Sources */,
				709075CB24B9117500B95310 /* AnyEncodable.swift in Sources */,
				4A82B7F41F254CCE0063D731 /* File.swift in Sources */,
				4AF85BD31F78011100665264 /* ParseError.swift in Sources */,
				4AF85BDA1F781ED000665264 /* Asynchronous.swift in Sources */,
				4AA8074E1F7931B7008CD551 /* KeychainStore.swift in Sources */,
				4A2F14941F4A5E1E00A7A7EF /* ObjectType+Equatable.swift in Sources */,
				4AC397721F488F9E00DEA9D3 /* BatchUtils.swift in Sources */,
				4AEBA54D1F26523800628B17 /* DeleteOperation.swift in Sources */,
				4AF85BDD1F783B9800665264 /* API+Commands.swift in Sources */,
				4A82B7F81F254CCE0063D731 /* Pointer.swift in Sources */,
				709075C924B9117500B95310 /* AnyDecodable.swift in Sources */,
				4AEBA5491F26519B00628B17 /* AddOperation.swift in Sources */,
				4A99A46C1F2650FF00D72A59 /* AddUniqueOperation.swift in Sources */,
				4AEBA54B1F2651D900628B17 /* RemoveOperation.swift in Sources */,
			);
			runOnlyForDeploymentPostprocessing = 0;
		};
		4AB8B4F91F254AE10070F682 /* Sources */ = {
			isa = PBXSourcesBuildPhase;
			buildActionMask = 2147483647;
			files = (
				7FFF552E2217E72A007C3B4E /* AnyEncodableTests.swift in Sources */,
				7FFF55302217E72A007C3B4E /* AnyDecodableTests.swift in Sources */,
				7FFF552F2217E72A007C3B4E /* AnyCodableTests.swift in Sources */,
				4AA807701F794C31008CD551 /* KeychainStoreTests.swift in Sources */,
				4AA807711F794C33008CD551 /* ParseSwiftTests.swift in Sources */,
			);
			runOnlyForDeploymentPostprocessing = 0;
		};
		4AFDA70D1F26D9A5002AE4FC /* Sources */ = {
			isa = PBXSourcesBuildPhase;
			buildActionMask = 2147483647;
			files = (
				4AFDA72B1F26DAE1002AE4FC /* ObjectType.swift in Sources */,
				709075C824B9117500B95310 /* AnyCodable.swift in Sources */,
				4AFDA7301F26DAE1002AE4FC /* DeleteOperation.swift in Sources */,
				4AFDA7361F26DAE1002AE4FC /* ObjectType+Query.swift in Sources */,
				70E5504424CA4E6000F6D8D2 /* URLSession+async.swift in Sources */,
				4AFDA7341F26DAE1002AE4FC /* Pointer.swift in Sources */,
				4AA8074C1F7930E9008CD551 /* SecureStorage.swift in Sources */,
				4A6511501F48E400005237DF /* BatchUtils.swift in Sources */,
				4AFDA72A1F26DAE1002AE4FC /* Parse.swift in Sources */,
				4AFDA7351F26DAE1002AE4FC /* Query.swift in Sources */,
				4A2F14991F4A5FB500A7A7EF /* Responses.swift in Sources */,
				4A2F149A1F4A5FBA00A7A7EF /* ObjectType+Equatable.swift in Sources */,
				4A65114F1F48E3F3005237DF /* ParseEncoder.swift in Sources */,
				4AFDA72E1F26DAE1002AE4FC /* AddOperation.swift in Sources */,
				4AFDA7311F26DAE1002AE4FC /* AddUniqueOperation.swift in Sources */,
				4AF85BD91F78145C00665264 /* URLSession+sync.swift in Sources */,
				4A2F149B1F4A5FBA00A7A7EF /* ObjectType+Batch.swift in Sources */,
				709075CC24B9117500B95310 /* AnyEncodable.swift in Sources */,
				4A6511521F48E406005237DF /* GeoPoint.swift in Sources */,
				4AF85BD61F7803C100665264 /* ParseError.swift in Sources */,
				4AF85BDB1F781ED100665264 /* Asynchronous.swift in Sources */,
				4AA8074F1F7931B7008CD551 /* KeychainStore.swift in Sources */,
				4AFDA7331F26DAE1002AE4FC /* File.swift in Sources */,
				4A6511531F48E410005237DF /* API.swift in Sources */,
				4AFDA7321F26DAE1002AE4FC /* IncrementOperation.swift in Sources */,
				4AF85BDE1F783BB400665264 /* API+Commands.swift in Sources */,
				4AFDA72D1F26DAE1002AE4FC /* ParseMutationContainer.swift in Sources */,
				709075CA24B9117500B95310 /* AnyDecodable.swift in Sources */,
				4AFDA72C1F26DAE1002AE4FC /* UserType.swift in Sources */,
				4A6511511F48E406005237DF /* ACL.swift in Sources */,
				4AFDA72F1F26DAE1002AE4FC /* RemoveOperation.swift in Sources */,
			);
			runOnlyForDeploymentPostprocessing = 0;
		};
/* End PBXSourcesBuildPhase section */

/* Begin PBXTargetDependency section */
		4AA8076B1F79424A008CD551 /* PBXTargetDependency */ = {
			isa = PBXTargetDependency;
			target = 4AA807571F794242008CD551 /* TestHost */;
			targetProxy = 4AA8076A1F79424A008CD551 /* PBXContainerItemProxy */;
		};
		4AB8B5001F254AE10070F682 /* PBXTargetDependency */ = {
			isa = PBXTargetDependency;
			target = 4AB8B4F31F254AE10070F682 /* ParseSwift (iOS) */;
			targetProxy = 4AB8B4FF1F254AE10070F682 /* PBXContainerItemProxy */;
		};
/* End PBXTargetDependency section */

/* Begin PBXVariantGroup section */
		4AA8075E1F794242008CD551 /* Main.storyboard */ = {
			isa = PBXVariantGroup;
			children = (
				4AA8075F1F794242008CD551 /* Base */,
			);
			name = Main.storyboard;
			sourceTree = "<group>";
		};
		4AA807631F794242008CD551 /* LaunchScreen.storyboard */ = {
			isa = PBXVariantGroup;
			children = (
				4AA807641F794242008CD551 /* Base */,
			);
			name = LaunchScreen.storyboard;
			sourceTree = "<group>";
		};
/* End PBXVariantGroup section */

/* Begin XCBuildConfiguration section */
		4AA807681F794242008CD551 /* Debug */ = {
			isa = XCBuildConfiguration;
			buildSettings = {
				ASSETCATALOG_COMPILER_APPICON_NAME = AppIcon;
				CODE_SIGN_STYLE = Automatic;
				INFOPLIST_FILE = TestHost/Info.plist;
				LD_RUNPATH_SEARCH_PATHS = "$(inherited) @executable_path/Frameworks";
				PRODUCT_BUNDLE_IDENTIFIER = com.parse.TestHost;
				PRODUCT_NAME = "$(TARGET_NAME)";
				SWIFT_VERSION = 5.0;
				TARGETED_DEVICE_FAMILY = "1,2";
			};
			name = Debug;
		};
		4AA807691F794242008CD551 /* Release */ = {
			isa = XCBuildConfiguration;
			buildSettings = {
				ASSETCATALOG_COMPILER_APPICON_NAME = AppIcon;
				CODE_SIGN_STYLE = Automatic;
				INFOPLIST_FILE = TestHost/Info.plist;
				LD_RUNPATH_SEARCH_PATHS = "$(inherited) @executable_path/Frameworks";
				PRODUCT_BUNDLE_IDENTIFIER = com.parse.TestHost;
				PRODUCT_NAME = "$(TARGET_NAME)";
				SWIFT_VERSION = 5.0;
				TARGETED_DEVICE_FAMILY = "1,2";
			};
			name = Release;
		};
		4AB8B5061F254AE10070F682 /* Debug */ = {
			isa = XCBuildConfiguration;
			buildSettings = {
				ALWAYS_SEARCH_USER_PATHS = NO;
				CLANG_ANALYZER_NONNULL = YES;
				CLANG_ANALYZER_NUMBER_OBJECT_CONVERSION = YES_AGGRESSIVE;
				CLANG_CXX_LANGUAGE_STANDARD = "gnu++14";
				CLANG_CXX_LIBRARY = "libc++";
				CLANG_ENABLE_MODULES = YES;
				CLANG_ENABLE_OBJC_ARC = YES;
				CLANG_WARN_BLOCK_CAPTURE_AUTORELEASING = YES;
				CLANG_WARN_BOOL_CONVERSION = YES;
				CLANG_WARN_COMMA = YES;
				CLANG_WARN_CONSTANT_CONVERSION = YES;
				CLANG_WARN_DEPRECATED_OBJC_IMPLEMENTATIONS = YES;
				CLANG_WARN_DIRECT_OBJC_ISA_USAGE = YES_ERROR;
				CLANG_WARN_DOCUMENTATION_COMMENTS = YES;
				CLANG_WARN_EMPTY_BODY = YES;
				CLANG_WARN_ENUM_CONVERSION = YES;
				CLANG_WARN_INFINITE_RECURSION = YES;
				CLANG_WARN_INT_CONVERSION = YES;
				CLANG_WARN_NON_LITERAL_NULL_CONVERSION = YES;
				CLANG_WARN_OBJC_IMPLICIT_RETAIN_SELF = YES;
				CLANG_WARN_OBJC_LITERAL_CONVERSION = YES;
				CLANG_WARN_OBJC_ROOT_CLASS = YES_ERROR;
				CLANG_WARN_RANGE_LOOP_ANALYSIS = YES;
				CLANG_WARN_STRICT_PROTOTYPES = YES;
				CLANG_WARN_SUSPICIOUS_MOVE = YES;
				CLANG_WARN_UNGUARDED_AVAILABILITY = YES_AGGRESSIVE;
				CLANG_WARN_UNREACHABLE_CODE = YES;
				CLANG_WARN__DUPLICATE_METHOD_MATCH = YES;
				CODE_SIGN_IDENTITY = "iPhone Developer";
				COPY_PHASE_STRIP = NO;
				CURRENT_PROJECT_VERSION = 1;
				DEBUG_INFORMATION_FORMAT = dwarf;
				ENABLE_STRICT_OBJC_MSGSEND = YES;
				ENABLE_TESTABILITY = YES;
				GCC_C_LANGUAGE_STANDARD = gnu11;
				GCC_DYNAMIC_NO_PIC = NO;
				GCC_NO_COMMON_BLOCKS = YES;
				GCC_OPTIMIZATION_LEVEL = 0;
				GCC_PREPROCESSOR_DEFINITIONS = (
					"DEBUG=1",
					"$(inherited)",
				);
				GCC_WARN_64_TO_32_BIT_CONVERSION = YES;
				GCC_WARN_ABOUT_RETURN_TYPE = YES_ERROR;
				GCC_WARN_UNDECLARED_SELECTOR = YES;
				GCC_WARN_UNINITIALIZED_AUTOS = YES_AGGRESSIVE;
				GCC_WARN_UNUSED_FUNCTION = YES;
				GCC_WARN_UNUSED_VARIABLE = YES;
				IPHONEOS_DEPLOYMENT_TARGET = 11.0;
				MTL_ENABLE_DEBUG_INFO = YES;
				ONLY_ACTIVE_ARCH = YES;
				SDKROOT = iphoneos;
				SWIFT_ACTIVE_COMPILATION_CONDITIONS = DEBUG;
				SWIFT_OPTIMIZATION_LEVEL = "-Onone";
				SWIFT_VERSION = 4.2;
				VERSIONING_SYSTEM = "apple-generic";
				VERSION_INFO_PREFIX = "";
			};
			name = Debug;
		};
		4AB8B5071F254AE10070F682 /* Release */ = {
			isa = XCBuildConfiguration;
			buildSettings = {
				ALWAYS_SEARCH_USER_PATHS = NO;
				CLANG_ANALYZER_NONNULL = YES;
				CLANG_ANALYZER_NUMBER_OBJECT_CONVERSION = YES_AGGRESSIVE;
				CLANG_CXX_LANGUAGE_STANDARD = "gnu++14";
				CLANG_CXX_LIBRARY = "libc++";
				CLANG_ENABLE_MODULES = YES;
				CLANG_ENABLE_OBJC_ARC = YES;
				CLANG_WARN_BLOCK_CAPTURE_AUTORELEASING = YES;
				CLANG_WARN_BOOL_CONVERSION = YES;
				CLANG_WARN_COMMA = YES;
				CLANG_WARN_CONSTANT_CONVERSION = YES;
				CLANG_WARN_DEPRECATED_OBJC_IMPLEMENTATIONS = YES;
				CLANG_WARN_DIRECT_OBJC_ISA_USAGE = YES_ERROR;
				CLANG_WARN_DOCUMENTATION_COMMENTS = YES;
				CLANG_WARN_EMPTY_BODY = YES;
				CLANG_WARN_ENUM_CONVERSION = YES;
				CLANG_WARN_INFINITE_RECURSION = YES;
				CLANG_WARN_INT_CONVERSION = YES;
				CLANG_WARN_NON_LITERAL_NULL_CONVERSION = YES;
				CLANG_WARN_OBJC_IMPLICIT_RETAIN_SELF = YES;
				CLANG_WARN_OBJC_LITERAL_CONVERSION = YES;
				CLANG_WARN_OBJC_ROOT_CLASS = YES_ERROR;
				CLANG_WARN_RANGE_LOOP_ANALYSIS = YES;
				CLANG_WARN_STRICT_PROTOTYPES = YES;
				CLANG_WARN_SUSPICIOUS_MOVE = YES;
				CLANG_WARN_UNGUARDED_AVAILABILITY = YES_AGGRESSIVE;
				CLANG_WARN_UNREACHABLE_CODE = YES;
				CLANG_WARN__DUPLICATE_METHOD_MATCH = YES;
				CODE_SIGN_IDENTITY = "iPhone Developer";
				COPY_PHASE_STRIP = NO;
				CURRENT_PROJECT_VERSION = 1;
				DEBUG_INFORMATION_FORMAT = "dwarf-with-dsym";
				ENABLE_NS_ASSERTIONS = NO;
				ENABLE_STRICT_OBJC_MSGSEND = YES;
				GCC_C_LANGUAGE_STANDARD = gnu11;
				GCC_NO_COMMON_BLOCKS = YES;
				GCC_WARN_64_TO_32_BIT_CONVERSION = YES;
				GCC_WARN_ABOUT_RETURN_TYPE = YES_ERROR;
				GCC_WARN_UNDECLARED_SELECTOR = YES;
				GCC_WARN_UNINITIALIZED_AUTOS = YES_AGGRESSIVE;
				GCC_WARN_UNUSED_FUNCTION = YES;
				GCC_WARN_UNUSED_VARIABLE = YES;
				IPHONEOS_DEPLOYMENT_TARGET = 11.0;
				MTL_ENABLE_DEBUG_INFO = NO;
				SDKROOT = iphoneos;
				SWIFT_OPTIMIZATION_LEVEL = "-Owholemodule";
				SWIFT_VERSION = 4.2;
				VALIDATE_PRODUCT = YES;
				VERSIONING_SYSTEM = "apple-generic";
				VERSION_INFO_PREFIX = "";
			};
			name = Release;
		};
		4AB8B5091F254AE10070F682 /* Debug */ = {
			isa = XCBuildConfiguration;
			buildSettings = {
				CODE_SIGN_IDENTITY = "";
				DEFINES_MODULE = YES;
				DYLIB_COMPATIBILITY_VERSION = 1;
				DYLIB_CURRENT_VERSION = 1;
				DYLIB_INSTALL_NAME_BASE = "@rpath";
				INFOPLIST_FILE = "ParseSwift-iOS/Info.plist";
				INSTALL_PATH = "$(LOCAL_LIBRARY_DIR)/Frameworks";
				IPHONEOS_DEPLOYMENT_TARGET = 8.0;
				LD_RUNPATH_SEARCH_PATHS = "$(inherited) @executable_path/Frameworks @loader_path/Frameworks";
				PRODUCT_BUNDLE_IDENTIFIER = com.parse.ParseSwift;
				PRODUCT_NAME = ParseSwift;
				SKIP_INSTALL = YES;
				SWIFT_SWIFT3_OBJC_INFERENCE = Off;
				SWIFT_VERSION = 5.0;
				TARGETED_DEVICE_FAMILY = "1,2";
			};
			name = Debug;
		};
		4AB8B50A1F254AE10070F682 /* Release */ = {
			isa = XCBuildConfiguration;
			buildSettings = {
				CODE_SIGN_IDENTITY = "";
				DEFINES_MODULE = YES;
				DYLIB_COMPATIBILITY_VERSION = 1;
				DYLIB_CURRENT_VERSION = 1;
				DYLIB_INSTALL_NAME_BASE = "@rpath";
				INFOPLIST_FILE = "ParseSwift-iOS/Info.plist";
				INSTALL_PATH = "$(LOCAL_LIBRARY_DIR)/Frameworks";
				IPHONEOS_DEPLOYMENT_TARGET = 8.0;
				LD_RUNPATH_SEARCH_PATHS = "$(inherited) @executable_path/Frameworks @loader_path/Frameworks";
				PRODUCT_BUNDLE_IDENTIFIER = com.parse.ParseSwift;
				PRODUCT_NAME = ParseSwift;
				SKIP_INSTALL = YES;
				SWIFT_SWIFT3_OBJC_INFERENCE = Off;
				SWIFT_VERSION = 5.0;
				TARGETED_DEVICE_FAMILY = "1,2";
			};
			name = Release;
		};
		4AB8B50C1F254AE10070F682 /* Debug */ = {
			isa = XCBuildConfiguration;
			buildSettings = {
				ALWAYS_EMBED_SWIFT_STANDARD_LIBRARIES = YES;
				INFOPLIST_FILE = Tests/ParseSwiftTests/Info.plist;
				LD_RUNPATH_SEARCH_PATHS = "$(inherited) @executable_path/Frameworks @loader_path/Frameworks";
				PRODUCT_BUNDLE_IDENTIFIER = com.parse.ParseSwiftTests;
				PRODUCT_NAME = "$(TARGET_NAME)";
				SWIFT_VERSION = 5.0;
				TARGETED_DEVICE_FAMILY = "1,2";
				TEST_HOST = "$(BUILT_PRODUCTS_DIR)/TestHost.app/TestHost";
			};
			name = Debug;
		};
		4AB8B50D1F254AE10070F682 /* Release */ = {
			isa = XCBuildConfiguration;
			buildSettings = {
				ALWAYS_EMBED_SWIFT_STANDARD_LIBRARIES = YES;
				INFOPLIST_FILE = Tests/ParseSwiftTests/Info.plist;
				LD_RUNPATH_SEARCH_PATHS = "$(inherited) @executable_path/Frameworks @loader_path/Frameworks";
				PRODUCT_BUNDLE_IDENTIFIER = com.parse.ParseSwiftTests;
				PRODUCT_NAME = "$(TARGET_NAME)";
				SWIFT_VERSION = 5.0;
				TARGETED_DEVICE_FAMILY = "1,2";
				TEST_HOST = "$(BUILT_PRODUCTS_DIR)/TestHost.app/TestHost";
			};
			name = Release;
		};
		4AFDA7241F26D9A5002AE4FC /* Debug */ = {
			isa = XCBuildConfiguration;
			buildSettings = {
				CODE_SIGN_IDENTITY = "-";
				COMBINE_HIDPI_IMAGES = YES;
				DEFINES_MODULE = YES;
				DYLIB_COMPATIBILITY_VERSION = 1;
				DYLIB_CURRENT_VERSION = 1;
				DYLIB_INSTALL_NAME_BASE = "@rpath";
				FRAMEWORK_VERSION = A;
				INFOPLIST_FILE = "ParseSwift-macOS/Info.plist";
				INSTALL_PATH = "$(LOCAL_LIBRARY_DIR)/Frameworks";
				LD_RUNPATH_SEARCH_PATHS = "$(inherited) @executable_path/../Frameworks @loader_path/Frameworks";
				MACOSX_DEPLOYMENT_TARGET = 10.12;
				PRODUCT_BUNDLE_IDENTIFIER = com.parse.ParseSwift;
				PRODUCT_NAME = ParseSwift;
				SDKROOT = macosx;
				SKIP_INSTALL = YES;
				SWIFT_SWIFT3_OBJC_INFERENCE = Off;
				SWIFT_VERSION = 5.0;
			};
			name = Debug;
		};
		4AFDA7251F26D9A5002AE4FC /* Release */ = {
			isa = XCBuildConfiguration;
			buildSettings = {
				CODE_SIGN_IDENTITY = "-";
				COMBINE_HIDPI_IMAGES = YES;
				DEFINES_MODULE = YES;
				DYLIB_COMPATIBILITY_VERSION = 1;
				DYLIB_CURRENT_VERSION = 1;
				DYLIB_INSTALL_NAME_BASE = "@rpath";
				FRAMEWORK_VERSION = A;
				INFOPLIST_FILE = "ParseSwift-macOS/Info.plist";
				INSTALL_PATH = "$(LOCAL_LIBRARY_DIR)/Frameworks";
				LD_RUNPATH_SEARCH_PATHS = "$(inherited) @executable_path/../Frameworks @loader_path/Frameworks";
				MACOSX_DEPLOYMENT_TARGET = 10.12;
				PRODUCT_BUNDLE_IDENTIFIER = com.parse.ParseSwift;
				PRODUCT_NAME = ParseSwift;
				SDKROOT = macosx;
				SKIP_INSTALL = YES;
				SWIFT_SWIFT3_OBJC_INFERENCE = Off;
				SWIFT_VERSION = 5.0;
			};
			name = Release;
		};
/* End XCBuildConfiguration section */

/* Begin XCConfigurationList section */
		4AA807671F794242008CD551 /* Build configuration list for PBXNativeTarget "TestHost" */ = {
			isa = XCConfigurationList;
			buildConfigurations = (
				4AA807681F794242008CD551 /* Debug */,
				4AA807691F794242008CD551 /* Release */,
			);
			defaultConfigurationIsVisible = 0;
			defaultConfigurationName = Release;
		};
		4AB8B4EE1F254AE10070F682 /* Build configuration list for PBXProject "ParseSwift" */ = {
			isa = XCConfigurationList;
			buildConfigurations = (
				4AB8B5061F254AE10070F682 /* Debug */,
				4AB8B5071F254AE10070F682 /* Release */,
			);
			defaultConfigurationIsVisible = 0;
			defaultConfigurationName = Release;
		};
		4AB8B5081F254AE10070F682 /* Build configuration list for PBXNativeTarget "ParseSwift (iOS)" */ = {
			isa = XCConfigurationList;
			buildConfigurations = (
				4AB8B5091F254AE10070F682 /* Debug */,
				4AB8B50A1F254AE10070F682 /* Release */,
			);
			defaultConfigurationIsVisible = 0;
			defaultConfigurationName = Release;
		};
		4AB8B50B1F254AE10070F682 /* Build configuration list for PBXNativeTarget "ParseSwiftTests" */ = {
			isa = XCConfigurationList;
			buildConfigurations = (
				4AB8B50C1F254AE10070F682 /* Debug */,
				4AB8B50D1F254AE10070F682 /* Release */,
			);
			defaultConfigurationIsVisible = 0;
			defaultConfigurationName = Release;
		};
		4AFDA7231F26D9A5002AE4FC /* Build configuration list for PBXNativeTarget "ParseSwift (macOS)" */ = {
			isa = XCConfigurationList;
			buildConfigurations = (
				4AFDA7241F26D9A5002AE4FC /* Debug */,
				4AFDA7251F26D9A5002AE4FC /* Release */,
			);
			defaultConfigurationIsVisible = 0;
			defaultConfigurationName = Release;
		};
/* End XCConfigurationList section */
	};
	rootObject = 4AB8B4EB1F254AE10070F682 /* Project object */;
}
